
Microsoft Visual Studio Solution File, Format Version 12.00
# Visual Studio Version 17
VisualStudioVersion = 17.4.33103.184
MinimumVisualStudioVersion = 10.0.40219.1
Project("{9A19103F-16F7-4668-BE54-9A1E7A4F7556}") = "CRUDonDynmoDB", "CRUDonDynmoDB\CRUDonDynmoDB.csproj", "{A0CAA7E1-E00E-44E7-9C50-FDD09C9D3723}"
EndProject
Project("{9A19103F-16F7-4668-BE54-9A1E7A4F7556}") = "EmployeeCatalog.Shared", "EmployeeCatalog.Shared\EmployeeCatalog.Shared.csproj", "{DD89866D-94D0-4C55-B5E1-9FAED9A255BB}"
EndProject
Project("{FAE04EC0-301F-11D3-BF4B-00C04F79EFBC}") = "EmployeeCatalog.Worker", "EmployeeCatalog.Worker\EmployeeCatalog.Worker.csproj", "{534537B9-D95E-4001-949B-625669D8FA36}"
EndProject
Global
	GlobalSection(SolutionConfigurationPlatforms) = preSolution
		Debug|Any CPU = Debug|Any CPU
		Release|Any CPU = Release|Any CPU
	EndGlobalSection
	GlobalSection(ProjectConfigurationPlatforms) = postSolution
		{A0CAA7E1-E00E-44E7-9C50-FDD09C9D3723}.Debug|Any CPU.ActiveCfg = Debug|Any CPU
		{A0CAA7E1-E00E-44E7-9C50-FDD09C9D3723}.Debug|Any CPU.Build.0 = Debug|Any CPU
		{A0CAA7E1-E00E-44E7-9C50-FDD09C9D3723}.Release|Any CPU.ActiveCfg = Release|Any CPU
		{A0CAA7E1-E00E-44E7-9C50-FDD09C9D3723}.Release|Any CPU.Build.0 = Release|Any CPU
		{DD89866D-94D0-4C55-B5E1-9FAED9A255BB}.Debug|Any CPU.ActiveCfg = Debug|Any CPU
		{DD89866D-94D0-4C55-B5E1-9FAED9A255BB}.Debug|Any CPU.Build.0 = Debug|Any CPU
		{DD89866D-94D0-4C55-B5E1-9FAED9A255BB}.Release|Any CPU.ActiveCfg = Release|Any CPU
		{DD89866D-94D0-4C55-B5E1-9FAED9A255BB}.Release|Any CPU.Build.0 = Release|Any CPU
		{534537B9-D95E-4001-949B-625669D8FA36}.Debug|Any CPU.ActiveCfg = Debug|Any CPU
		{534537B9-D95E-4001-949B-625669D8FA36}.Debug|Any CPU.Build.0 = Debug|Any CPU
		{534537B9-D95E-4001-949B-625669D8FA36}.Release|Any CPU.ActiveCfg = Release|Any CPU
		{534537B9-D95E-4001-949B-625669D8FA36}.Release|Any CPU.Build.0 = Release|Any CPU
	EndGlobalSection
	GlobalSection(SolutionProperties) = preSolution
		HideSolutionNode = FALSE
	EndGlobalSection
	GlobalSection(ExtensibilityGlobals) = postSolution
		SolutionGuid = {C028120D-FDA5-44DD-A631-0D9C3061A804}
	EndGlobalSection
EndGlobal
